// !$*UTF8*$!
{
	archiveVersion = 1;
	classes = {
	};
	objectVersion = 77;
	objects = {

/* Begin PBXContainerItemProxy section */
		E9ABEB392F1BFAF200F18D34 /* PBXContainerItemProxy */ = {
			isa = PBXContainerItemProxy;
			containerPortal = E9ABEB172F1BFAEF00F18D34 /* Project object */;
			proxyType = 1;
			remoteGlobalIDString = E9ABEB1E2F1BFAEF00F18D34;
			remoteInfo = nycdoodlejump;
		};
		E9ABEB432F1BFAF200F18D34 /* PBXContainerItemProxy */ = {
			isa = PBXContainerItemProxy;
			containerPortal = E9ABEB172F1BFAEF00F18D34 /* Project object */;
			proxyType = 1;
			remoteGlobalIDString = E9ABEB1E2F1BFAEF00F18D34;
			remoteInfo = nycdoodlejump;
		};
/* End PBXContainerItemProxy section */

/* Begin PBXFileReference section */
		E9ABEB1F2F1BFAEF00F18D34 /* nycdoodlejump.app */ = {isa = PBXFileReference; explicitFileType = wrapper.application; includeInIndex = 0; path = nycdoodlejump.app; sourceTree = BUILT_PRODUCTS_DIR; };
		E9ABEB382F1BFAF200F18D34 /* nycdoodlejumpTests.xctest */ = {isa = PBXFileReference; explicitFileType = wrapper.cfbundle; includeInIndex = 0; path = nycdoodlejumpTests.xctest; sourceTree = BUILT_PRODUCTS_DIR; };
		E9ABEB422F1BFAF200F18D34 /* nycdoodlejumpUITests.xctest */ = {isa = PBXFileReference; explicitFileType = wrapper.cfbundle; includeInIndex = 0; path = nycdoodlejumpUITests.xctest; sourceTree = BUILT_PRODUCTS_DIR; };
/* End PBXFileReference section */

/* Begin PBXFileSystemSynchronizedRootGroup section */
		E9ABEB212F1BFAEF00F18D34 /* nycdoodlejump */ = {
			isa = PBXFileSystemSynchronizedRootGroup;
			path = nycdoodlejump;
			sourceTree = "<group>";
		};
		E9ABEB3B2F1BFAF200F18D34 /* nycdoodlejumpTests */ = {
			isa = PBXFileSystemSynchronizedRootGroup;
			path = nycdoodlejumpTests;
			sourceTree = "<group>";
		};
		E9ABEB452F1BFAF200F18D34 /* nycdoodlejumpUITests */ = {
			isa = PBXFileSystemSynchronizedRootGroup;
			path = nycdoodlejumpUITests;
			sourceTree = "<group>";
		};
/* End PBXFileSystemSynchronizedRootGroup section */

/* Begin PBXFrameworksBuildPhase section */
		E9ABEB1C2F1BFAEF00F18D34 /* Frameworks */ = {
			isa = PBXFrameworksBuildPhase;
			buildActionMask = 2147483647;
			files = (
			);
			runOnlyForDeploymentPostprocessing = 0;
		};
		E9ABEB352F1BFAF200F18D34 /* Frameworks */ = {
			isa = PBXFrameworksBuildPhase;
			buildActionMask = 2147483647;
			files = (
			);
			runOnlyForDeploymentPostprocessing = 0;
		};
		E9ABEB3F2F1BFAF200F18D34 /* Frameworks */ = {
			isa = PBXFrameworksBuildPhase;
			buildActionMask = 2147483647;
			files = (
			);
			runOnlyForDeploymentPostprocessing = 0;
		};
/* End PBXFrameworksBuildPhase section */

/* Begin PBXGroup section */
		E9ABEB162F1BFAEF00F18D34 = {
			isa = PBXGroup;
			children = (
				E9ABEB212F1BFAEF00F18D34 /* nycdoodlejump */,
				E9ABEB3B2F1BFAF200F18D34 /* nycdoodlejumpTests */,
				E9ABEB452F1BFAF200F18D34 /* nycdoodlejumpUITests */,
				E9ABEB202F1BFAEF00F18D34 /* Products */,
			);
			sourceTree = "<group>";
		};
		E9ABEB202F1BFAEF00F18D34 /* Products */ = {
			isa = PBXGroup;
			children = (
				E9ABEB1F2F1BFAEF00F18D34 /* nycdoodlejump.app */,
				E9ABEB382F1BFAF200F18D34 /* nycdoodlejumpTests.xctest */,
				E9ABEB422F1BFAF200F18D34 /* nycdoodlejumpUITests.xctest */,
			);
			name = Products;
			sourceTree = "<group>";
		};
/* End PBXGroup section */

/* Begin PBXNativeTarget section */
		E9ABEB1E2F1BFAEF00F18D34 /* nycdoodlejump */ = {
			isa = PBXNativeTarget;
			buildConfigurationList = E9ABEB4C2F1BFAF200F18D34 /* Build configuration list for PBXNativeTarget "nycdoodlejump" */;
			buildPhases = (
				E9ABEB1B2F1BFAEF00F18D34 /* Sources */,
				E9ABEB1C2F1BFAEF00F18D34 /* Frameworks */,
				E9ABEB1D2F1BFAEF00F18D34 /* Resources */,
			);
			buildRules = (
			);
			dependencies = (
			);
			fileSystemSynchronizedGroups = (
				E9ABEB212F1BFAEF00F18D34 /* nycdoodlejump */,
			);
			name = nycdoodlejump;
			packageProductDependencies = (
			);
			productName = nycdoodlejump;
			productReference = E9ABEB1F2F1BFAEF00F18D34 /* nycdoodlejump.app */;
			productType = "com.apple.product-type.application";
		};
		E9ABEB372F1BFAF200F18D34 /* nycdoodlejumpTests */ = {
			isa = PBXNativeTarget;
			buildConfigurationList = E9ABEB4F2F1BFAF200F18D34 /* Build configuration list for PBXNativeTarget "nycdoodlejumpTests" */;
			buildPhases = (
				E9ABEB342F1BFAF200F18D34 /* Sources */,
				E9ABEB352F1BFAF200F18D34 /* Frameworks */,
				E9ABEB362F1BFAF200F18D34 /* Resources */,
			);
			buildRules = (
			);
			dependencies = (
				E9ABEB3A2F1BFAF200F18D34 /* PBXTargetDependency */,
			);
			fileSystemSynchronizedGroups = (
				E9ABEB3B2F1BFAF200F18D34 /* nycdoodlejumpTests */,
			);
			name = nycdoodlejumpTests;
			packageProductDependencies = (
			);
			productName = nycdoodlejumpTests;
			productReference = E9ABEB382F1BFAF200F18D34 /* nycdoodlejumpTests.xctest */;
			productType = "com.apple.product-type.bundle.unit-test";
		};
		E9ABEB412F1BFAF200F18D34 /* nycdoodlejumpUITests */ = {
			isa = PBXNativeTarget;
			buildConfigurationList = E9ABEB522F1BFAF200F18D34 /* Build configuration list for PBXNativeTarget "nycdoodlejumpUITests" */;
			buildPhases = (
				E9ABEB3E2F1BFAF200F18D34 /* Sources */,
				E9ABEB3F2F1BFAF200F18D34 /* Frameworks */,
				E9ABEB402F1BFAF200F18D34 /* Resources */,
			);
			buildRules = (
			);
			dependencies = (
				E9ABEB442F1BFAF200F18D34 /* PBXTargetDependency */,
			);
			fileSystemSynchronizedGroups = (
				E9ABEB452F1BFAF200F18D34 /* nycdoodlejumpUITests */,
			);
			name = nycdoodlejumpUITests;
			packageProductDependencies = (
			);
			productName = nycdoodlejumpUITests;
			productReference = E9ABEB422F1BFAF200F18D34 /* nycdoodlejumpUITests.xctest */;
			productType = "com.apple.product-type.bundle.ui-testing";
		};
/* End PBXNativeTarget section */

/* Begin PBXProject section */
		E9ABEB172F1BFAEF00F18D34 /* Project object */ = {
			isa = PBXProject;
			attributes = {
				BuildIndependentTargetsInParallel = 1;
				LastSwiftUpdateCheck = 2620;
				LastUpgradeCheck = 2620;
				TargetAttributes = {
					E9ABEB1E2F1BFAEF00F18D34 = {
						CreatedOnToolsVersion = 26.2;
					};
					E9ABEB372F1BFAF200F18D34 = {
						CreatedOnToolsVersion = 26.2;
						TestTargetID = E9ABEB1E2F1BFAEF00F18D34;
					};
					E9ABEB412F1BFAF200F18D34 = {
						CreatedOnToolsVersion = 26.2;
						TestTargetID = E9ABEB1E2F1BFAEF00F18D34;
					};
				};
			};
			buildConfigurationList = E9ABEB1A2F1BFAEF00F18D34 /* Build configuration list for PBXProject "nycdoodlejump" */;
			developmentRegion = en;
			hasScannedForEncodings = 0;
			knownRegions = (
				en,
				Base,
			);
			mainGroup = E9ABEB162F1BFAEF00F18D34;
			minimizedProjectReferenceProxies = 1;
			preferredProjectObjectVersion = 77;
			productRefGroup = E9ABEB202F1BFAEF00F18D34 /* Products */;
			projectDirPath = "";
			projectRoot = "";
			targets = (
				E9ABEB1E2F1BFAEF00F18D34 /* nycdoodlejump */,
				E9ABEB372F1BFAF200F18D34 /* nycdoodlejumpTests */,
				E9ABEB412F1BFAF200F18D34 /* nycdoodlejumpUITests */,
			);
		};
/* End PBXProject section */

/* Begin PBXResourcesBuildPhase section */
		E9ABEB1D2F1BFAEF00F18D34 /* Resources */ = {
			isa = PBXResourcesBuildPhase;
			buildActionMask = 2147483647;
			files = (
			);
			runOnlyForDeploymentPostprocessing = 0;
		};
		E9ABEB362F1BFAF200F18D34 /* Resources */ = {
			isa = PBXResourcesBuildPhase;
			buildActionMask = 2147483647;
			files = (
			);
			runOnlyForDeploymentPostprocessing = 0;
		};
		E9ABEB402F1BFAF200F18D34 /* Resources */ = {
			isa = PBXResourcesBuildPhase;
			buildActionMask = 2147483647;
			files = (
			);
			runOnlyForDeploymentPostprocessing = 0;
		};
/* End PBXResourcesBuildPhase section */

/* Begin PBXSourcesBuildPhase section */
		E9ABEB1B2F1BFAEF00F18D34 /* Sources */ = {
			isa = PBXSourcesBuildPhase;
			buildActionMask = 2147483647;
			files = (
			);
			runOnlyForDeploymentPostprocessing = 0;
		};
		E9ABEB342F1BFAF200F18D34 /* Sources */ = {
			isa = PBXSourcesBuildPhase;
			buildActionMask = 2147483647;
			files = (
			);
			runOnlyForDeploymentPostprocessing = 0;
		};
		E9ABEB3E2F1BFAF200F18D34 /* Sources */ = {
			isa = PBXSourcesBuildPhase;
			buildActionMask = 2147483647;
			files = (
			);
			runOnlyForDeploymentPostprocessing = 0;
		};
/* End PBXSourcesBuildPhase section */

/* Begin PBXTargetDependency section */
		E9ABEB3A2F1BFAF200F18D34 /* PBXTargetDependency */ = {
			isa = PBXTargetDependency;
			target = E9ABEB1E2F1BFAEF00F18D34 /* nycdoodlejump */;
			targetProxy = E9ABEB392F1BFAF200F18D34 /* PBXContainerItemProxy */;
		};
		E9ABEB442F1BFAF200F18D34 /* PBXTargetDependency */ = {
			isa = PBXTargetDependency;
			target = E9ABEB1E2F1BFAEF00F18D34 /* nycdoodlejump */;
			targetProxy = E9ABEB432F1BFAF200F18D34 /* PBXContainerItemProxy */;
		};
/* End PBXTargetDependency section */

/* Begin XCBuildConfiguration section */
		E9ABEB4A2F1BFAF200F18D34 /* Debug */ = {
			isa = XCBuildConfiguration;
			buildSettings = {
				ALWAYS_SEARCH_USER_PATHS = NO;
				ASSETCATALOG_COMPILER_GENERATE_SWIFT_ASSET_SYMBOL_EXTENSIONS = YES;
				CLANG_ANALYZER_NONNULL = YES;
				CLANG_ANALYZER_NUMBER_OBJECT_CONVERSION = YES_AGGRESSIVE;
				CLANG_CXX_LANGUAGE_STANDARD = "gnu++20";
				CLANG_ENABLE_MODULES = YES;
				CLANG_ENABLE_OBJC_ARC = YES;
				CLANG_ENABLE_OBJC_WEAK = YES;
				CLANG_WARN_BLOCK_CAPTURE_AUTORELEASING = YES;
				CLANG_WARN_BOOL_CONVERSION = YES;
				CLANG_WARN_COMMA = YES;
				CLANG_WARN_CONSTANT_CONVERSION = YES;
				CLANG_WARN_DEPRECATED_OBJC_IMPLEMENTATIONS = YES;
				CLANG_WARN_DIRECT_OBJC_ISA_USAGE = YES_ERROR;
				CLANG_WARN_DOCUMENTATION_COMMENTS = YES;
				CLANG_WARN_EMPTY_BODY = YES;
				CLANG_WARN_ENUM_CONVERSION = YES;
				CLANG_WARN_INFINITE_RECURSION = YES;
				CLANG_WARN_INT_CONVERSION = YES;
				CLANG_WARN_NON_LITERAL_NULL_CONVERSION = YES;
				CLANG_WARN_OBJC_IMPLICIT_RETAIN_SELF = YES;
				CLANG_WARN_OBJC_LITERAL_CONVERSION = YES;
				CLANG_WARN_OBJC_ROOT_CLASS = YES_ERROR;
				CLANG_WARN_QUOTED_INCLUDE_IN_FRAMEWORK_HEADER = YES;
				CLANG_WARN_RANGE_LOOP_ANALYSIS = YES;
				CLANG_WARN_STRICT_PROTOTYPES = YES;
				CLANG_WARN_SUSPICIOUS_MOVE = YES;
				CLANG_WARN_UNGUARDED_AVAILABILITY = YES_AGGRESSIVE;
				CLANG_WARN_UNREACHABLE_CODE = YES;
				CLANG_WARN__DUPLICATE_METHOD_MATCH = YES;
				COPY_PHASE_STRIP = NO;
				DEBUG_INFORMATION_FORMAT = dwarf;
				DEVELOPMENT_TEAM = R598JFC7DK;
				ENABLE_STRICT_OBJC_MSGSEND = YES;
				ENABLE_TESTABILITY = YES;
				ENABLE_USER_SCRIPT_SANDBOXING = YES;
				GCC_C_LANGUAGE_STANDARD = gnu17;
				GCC_DYNAMIC_NO_PIC = NO;
				GCC_NO_COMMON_BLOCKS = YES;
				GCC_OPTIMIZATION_LEVEL = 0;
				GCC_PREPROCESSOR_DEFINITIONS = (
					"DEBUG=1",
					"$(inherited)",
				);
				GCC_WARN_64_TO_32_BIT_CONVERSION = YES;
				GCC_WARN_ABOUT_RETURN_TYPE = YES_ERROR;
				GCC_WARN_UNDECLARED_SELECTOR = YES;
				GCC_WARN_UNINITIALIZED_AUTOS = YES_AGGRESSIVE;
				GCC_WARN_UNUSED_FUNCTION = YES;
				GCC_WARN_UNUSED_VARIABLE = YES;
				IPHONEOS_DEPLOYMENT_TARGET = 26.2;
				LOCALIZATION_PREFERS_STRING_CATALOGS = YES;
				MTL_ENABLE_DEBUG_INFO = INCLUDE_SOURCE;
				MTL_FAST_MATH = YES;
				ONLY_ACTIVE_ARCH = YES;
				SDKROOT = iphoneos;
				SWIFT_ACTIVE_COMPILATION_CONDITIONS = "DEBUG $(inherited)";
				SWIFT_OPTIMIZATION_LEVEL = "-Onone";
			};
			name = Debug;
		};
		E9ABEB4B2F1BFAF200F18D34 /* Release */ = {
			isa = XCBuildConfiguration;
			buildSettings = {
				ALWAYS_SEARCH_USER_PATHS = NO;
				ASSETCATALOG_COMPILER_GENERATE_SWIFT_ASSET_SYMBOL_EXTENSIONS = YES;
				CLANG_ANALYZER_NONNULL = YES;
				CLANG_ANALYZER_NUMBER_OBJECT_CONVERSION = YES_AGGRESSIVE;
				CLANG_CXX_LANGUAGE_STANDARD = "gnu++20";
				CLANG_ENABLE_MODULES = YES;
				CLANG_ENABLE_OBJC_ARC = YES;
				CLANG_ENABLE_OBJC_WEAK = YES;
				CLANG_WARN_BLOCK_CAPTURE_AUTORELEASING = YES;
				CLANG_WARN_BOOL_CONVERSION = YES;
				CLANG_WARN_COMMA = YES;
				CLANG_WARN_CONSTANT_CONVERSION = YES;
				CLANG_WARN_DEPRECATED_OBJC_IMPLEMENTATIONS = YES;
				CLANG_WARN_DIRECT_OBJC_ISA_USAGE = YES_ERROR;
				CLANG_WARN_DOCUMENTATION_COMMENTS = YES;
				CLANG_WARN_EMPTY_BODY = YES;
				CLANG_WARN_ENUM_CONVERSION = YES;
				CLANG_WARN_INFINITE_RECURSION = YES;
				CLANG_WARN_INT_CONVERSION = YES;
				CLANG_WARN_NON_LITERAL_NULL_CONVERSION = YES;
				CLANG_WARN_OBJC_IMPLICIT_RETAIN_SELF = YES;
				CLANG_WARN_OBJC_LITERAL_CONVERSION = YES;
				CLANG_WARN_OBJC_ROOT_CLASS = YES_ERROR;
				CLANG_WARN_QUOTED_INCLUDE_IN_FRAMEWORK_HEADER = YES;
				CLANG_WARN_RANGE_LOOP_ANALYSIS = YES;
				CLANG_WARN_STRICT_PROTOTYPES = YES;
				CLANG_WARN_SUSPICIOUS_MOVE = YES;
				CLANG_WARN_UNGUARDED_AVAILABILITY = YES_AGGRESSIVE;
				CLANG_WARN_UNREACHABLE_CODE = YES;
				CLANG_WARN__DUPLICATE_METHOD_MATCH = YES;
				COPY_PHASE_STRIP = NO;
				DEBUG_INFORMATION_FORMAT = "dwarf-with-dsym";
				DEVELOPMENT_TEAM = R598JFC7DK;
				ENABLE_NS_ASSERTIONS = NO;
				ENABLE_STRICT_OBJC_MSGSEND = YES;
				ENABLE_USER_SCRIPT_SANDBOXING = YES;
				GCC_C_LANGUAGE_STANDARD = gnu17;
				GCC_NO_COMMON_BLOCKS = YES;
				GCC_WARN_64_TO_32_BIT_CONVERSION = YES;
				GCC_WARN_ABOUT_RETURN_TYPE = YES_ERROR;
				GCC_WARN_UNDECLARED_SELECTOR = YES;
				GCC_WARN_UNINITIALIZED_AUTOS = YES_AGGRESSIVE;
				GCC_WARN_UNUSED_FUNCTION = YES;
				GCC_WARN_UNUSED_VARIABLE = YES;
				IPHONEOS_DEPLOYMENT_TARGET = 26.2;
				LOCALIZATION_PREFERS_STRING_CATALOGS = YES;
				MTL_ENABLE_DEBUG_INFO = NO;
				MTL_FAST_MATH = YES;
				SDKROOT = iphoneos;
				SWIFT_COMPILATION_MODE = wholemodule;
				VALIDATE_PRODUCT = YES;
			};
			name = Release;
		};
		E9ABEB4D2F1BFAF200F18D34 /* Debug */ = {
			isa = XCBuildConfiguration;
			buildSettings = {
				ASSETCATALOG_COMPILER_APPICON_NAME = AppIcon;
				ASSETCATALOG_COMPILER_GLOBAL_ACCENT_COLOR_NAME = AccentColor;
				CODE_SIGN_STYLE = Automatic;
				CURRENT_PROJECT_VERSION = 1;
				DEVELOPMENT_TEAM = R598JFC7DK;
				GENERATE_INFOPLIST_FILE = YES;
				INFOPLIST_KEY_UIApplicationSupportsIndirectInputEvents = YES;
				INFOPLIST_KEY_UILaunchStoryboardName = LaunchScreen;
				INFOPLIST_KEY_UIMainStoryboardFile = Main;
				INFOPLIST_KEY_UIStatusBarHidden = YES;
				INFOPLIST_KEY_UISupportedInterfaceOrientations_iPad = "UIInterfaceOrientationPortrait UIInterfaceOrientationPortraitUpsideDown UIInterfaceOrientationLandscapeLeft UIInterfaceOrientationLandscapeRight";
				INFOPLIST_KEY_UISupportedInterfaceOrientations_iPhone = "UIInterfaceOrientationPortrait UIInterfaceOrientationLandscapeLeft UIInterfaceOrientationLandscapeRight";
				LD_RUNPATH_SEARCH_PATHS = (
					"$(inherited)",
					"@executable_path/Frameworks",
				);
				MARKETING_VERSION = 1.0;
				PRODUCT_BUNDLE_IDENTIFIER = cpp.nycdoodlejump;
				PRODUCT_NAME = "$(TARGET_NAME)";
				STRING_CATALOG_GENERATE_SYMBOLS = YES;
				SWIFT_APPROACHABLE_CONCURRENCY = YES;
				SWIFT_DEFAULT_ACTOR_ISOLATION = MainActor;
				SWIFT_EMIT_LOC_STRINGS = YES;
				SWIFT_UPCOMING_FEATURE_MEMBER_IMPORT_VISIBILITY = YES;
				SWIFT_VERSION = 5.0;
				TARGETED_DEVICE_FAMILY = "1,2";
			};
			name = Debug;
		};
		E9ABEB4E2F1BFAF200F18D34 /* Release */ = {
			isa = XCBuildConfiguration;
			buildSettings = {
				ASSETCATALOG_COMPILER_APPICON_NAME = AppIcon;
				ASSETCATALOG_COMPILER_GLOBAL_ACCENT_COLOR_NAME = AccentColor;
				CODE_SIGN_STYLE = Automatic;
				CURRENT_PROJECT_VERSION = 1;
				DEVELOPMENT_TEAM = R598JFC7DK;
				GENERATE_INFOPLIST_FILE = YES;
				INFOPLIST_KEY_UIApplicationSupportsIndirectInputEvents = YES;
				INFOPLIST_KEY_UILaunchStoryboardName = LaunchScreen;
				INFOPLIST_KEY_UIMainStoryboardFile = Main;
				INFOPLIST_KEY_UIStatusBarHidden = YES;
				INFOPLIST_KEY_UISupportedInterfaceOrientations_iPad = "UIInterfaceOrientationPortrait UIInterfaceOrientationPortraitUpsideDown UIInterfaceOrientationLandscapeLeft UIInterfaceOrientationLandscapeRight";
				INFOPLIST_KEY_UISupportedInterfaceOrientations_iPhone = "UIInterfaceOrientationPortrait UIInterfaceOrientationLandscapeLeft UIInterfaceOrientationLandscapeRight";
				LD_RUNPATH_SEARCH_PATHS = (
					"$(inherited)",
					"@executable_path/Frameworks",
				);
				MARKETING_VERSION = 1.0;
				PRODUCT_BUNDLE_IDENTIFIER = cpp.nycdoodlejump;
				PRODUCT_NAME = "$(TARGET_NAME)";
				STRING_CATALOG_GENERATE_SYMBOLS = YES;
				SWIFT_APPROACHABLE_CONCURRENCY = YES;
				SWIFT_DEFAULT_ACTOR_ISOLATION = MainActor;
				SWIFT_EMIT_LOC_STRINGS = YES;
				SWIFT_UPCOMING_FEATURE_MEMBER_IMPORT_VISIBILITY = YES;
				SWIFT_VERSION = 5.0;
				TARGETED_DEVICE_FAMILY = "1,2";
			};
			name = Release;
		};
		E9ABEB502F1BFAF200F18D34 /* Debug */ = {
			isa = XCBuildConfiguration;
			buildSettings = {
				BUNDLE_LOADER = "$(TEST_HOST)";
				CODE_SIGN_STYLE = Automatic;
				CURRENT_PROJECT_VERSION = 1;
				DEVELOPMENT_TEAM = R598JFC7DK;
				GENERATE_INFOPLIST_FILE = YES;
				IPHONEOS_DEPLOYMENT_TARGET = 26.2;
				MARKETING_VERSION = 1.0;
				PRODUCT_BUNDLE_IDENTIFIER = cpp.nycdoodlejumpTests;
				PRODUCT_NAME = "$(TARGET_NAME)";
				STRING_CATALOG_GENERATE_SYMBOLS = NO;
				SWIFT_APPROACHABLE_CONCURRENCY = YES;
				SWIFT_EMIT_LOC_STRINGS = NO;
				SWIFT_UPCOMING_FEATURE_MEMBER_IMPORT_VISIBILITY = YES;
				SWIFT_VERSION = 5.0;
				TARGETED_DEVICE_FAMILY = "1,2";
				TEST_HOST = "$(BUILT_PRODUCTS_DIR)/nycdoodlejump.app/$(BUNDLE_EXECUTABLE_FOLDER_PATH)/nycdoodlejump";
			};
			name = Debug;
		};
		E9ABEB512F1BFAF200F18D34 /* Release */ = {
			isa = XCBuildConfiguration;
			buildSettings = {
				BUNDLE_LOADER = "$(TEST_HOST)";
				CODE_SIGN_STYLE = Automatic;
				CURRENT_PROJECT_VERSION = 1;
				DEVELOPMENT_TEAM = R598JFC7DK;
				GENERATE_INFOPLIST_FILE = YES;
				IPHONEOS_DEPLOYMENT_TARGET = 26.2;
				MARKETING_VERSION = 1.0;
				PRODUCT_BUNDLE_IDENTIFIER = cpp.nycdoodlejumpTests;
				PRODUCT_NAME = "$(TARGET_NAME)";
				STRING_CATALOG_GENERATE_SYMBOLS = NO;
				SWIFT_APPROACHABLE_CONCURRENCY = YES;
				SWIFT_EMIT_LOC_STRINGS = NO;
				SWIFT_UPCOMING_FEATURE_MEMBER_IMPORT_VISIBILITY = YES;
				SWIFT_VERSION = 5.0;
				TARGETED_DEVICE_FAMILY = "1,2";
				TEST_HOST = "$(BUILT_PRODUCTS_DIR)/nycdoodlejump.app/$(BUNDLE_EXECUTABLE_FOLDER_PATH)/nycdoodlejump";
			};
			name = Release;
		};
		E9ABEB532F1BFAF200F18D34 /* Debug */ = {
			isa = XCBuildConfiguration;
			buildSettings = {
				CODE_SIGN_STYLE = Automatic;
				CURRENT_PROJECT_VERSION = 1;
				DEVELOPMENT_TEAM = R598JFC7DK;
				GENERATE_INFOPLIST_FILE = YES;
				MARKETING_VERSION = 1.0;
				PRODUCT_BUNDLE_IDENTIFIER = cpp.nycdoodlejumpUITests;
				PRODUCT_NAME = "$(TARGET_NAME)";
				STRING_CATALOG_GENERATE_SYMBOLS = NO;
				SWIFT_APPROACHABLE_CONCURRENCY = YES;
				SWIFT_EMIT_LOC_STRINGS = NO;
				SWIFT_UPCOMING_FEATURE_MEMBER_IMPORT_VISIBILITY = YES;
				SWIFT_VERSION = 5.0;
				TARGETED_DEVICE_FAMILY = "1,2";
				TEST_TARGET_NAME = nycdoodlejump;
			};
			name = Debug;
		};
		E9ABEB542F1BFAF200F18D34 /* Release */ = {
			isa = XCBuildConfiguration;
			buildSettings = {
				CODE_SIGN_STYLE = Automatic;
				CURRENT_PROJECT_VERSION = 1;
				DEVELOPMENT_TEAM = R598JFC7DK;
				GENERATE_INFOPLIST_FILE = YES;
				MARKETING_VERSION = 1.0;
				PRODUCT_BUNDLE_IDENTIFIER = cpp.nycdoodlejumpUITests;
				PRODUCT_NAME = "$(TARGET_NAME)";
				STRING_CATALOG_GENERATE_SYMBOLS = NO;
				SWIFT_APPROACHABLE_CONCURRENCY = YES;
				SWIFT_EMIT_LOC_STRINGS = NO;
				SWIFT_UPCOMING_FEATURE_MEMBER_IMPORT_VISIBILITY = YES;
				SWIFT_VERSION = 5.0;
				TARGETED_DEVICE_FAMILY = "1,2";
				TEST_TARGET_NAME = nycdoodlejump;
			};
			name = Release;
		};
/* End XCBuildConfiguration section */

/* Begin XCConfigurationList section */
		E9ABEB1A2F1BFAEF00F18D34 /* Build configuration list for PBXProject "nycdoodlejump" */ = {
			isa = XCConfigurationList;
			buildConfigurations = (
				E9ABEB4A2F1BFAF200F18D34 /* Debug */,
				E9ABEB4B2F1BFAF200F18D34 /* Release */,
			);
			defaultConfigurationIsVisible = 0;
			defaultConfigurationName = Release;
		};
		E9ABEB4C2F1BFAF200F18D34 /* Build configuration list for PBXNativeTarget "nycdoodlejump" */ = {
			isa = XCConfigurationList;
			buildConfigurations = (
				E9ABEB4D2F1BFAF200F18D34 /* Debug */,
				E9ABEB4E2F1BFAF200F18D34 /* Release */,
			);
			defaultConfigurationIsVisible = 0;
			defaultConfigurationName = Release;
		};
		E9ABEB4F2F1BFAF200F18D34 /* Build configuration list for PBXNativeTarget "nycdoodlejumpTests" */ = {
			isa = XCConfigurationList;
			buildConfigurations = (
				E9ABEB502F1BFAF200F18D34 /* Debug */,
				E9ABEB512F1BFAF200F18D34 /* Release */,
			);
			defaultConfigurationIsVisible = 0;
			defaultConfigurationName = Release;
		};
		E9ABEB522F1BFAF200F18D34 /* Build configuration list for PBXNativeTarget "nycdoodlejumpUITests" */ = {
			isa = XCConfigurationList;
			buildConfigurations = (
				E9ABEB532F1BFAF200F18D34 /* Debug */,
				E9ABEB542F1BFAF200F18D34 /* Release */,
			);
			defaultConfigurationIsVisible = 0;
			defaultConfigurationName = Release;
		};
/* End XCConfigurationList section */
	};
	rootObject = E9ABEB172F1BFAEF00F18D34 /* Project object */;
}
